<Solution>
  <Folder Name="/.claude/">
    <File Path=".repomixignore" />
    <File Path="repomix.config.json" />
  </Folder>
  <Folder Name="/.github/">
    <File Path=".github\FUNDING.yml" />
    <File Path=".github\RELEASE.yml" />
    <File Path=".github\workflows\dotnet.yml" />
  </Folder>
  <Folder Name="/.solutions/">
    <File Path=".editorconfig" />
    <File Path=".gitattributes" />
    <File Path=".gitignore" />
    <File Path="Directory.Build.props" />
    <File Path="Directory.Build.targets" />
    <File Path="md-styles.css" />
    <File Path="LICENSE" />
    <File Path="SonarQube.Analysis.xml" />
    <File Path="Directory.Packages.props" />
    <File Path="build.ps1" />
    <File Path="sign.ps1" />
    <File Path="testconfig.json" />
  </Folder>
  <Folder Name="/Analytics/">
    <Project Path="benchmark\Wangkanai.Analytics.Benchmark.csproj" />
    <Project Path="src\Wangkanai.Analytics.csproj" />
    <Project Path="tests\Wangkanai.Analytics.Tests.csproj" />
    <File Path="README.md" />
    <File Path="INSTALL.md" />
  </Folder>
  <Folder Name="/Assets/">
    <File Path="Assets\wangkanai-logo.afdesign" />
    <File Path="Assets\wangkanai-logo.svg" />
    <File Path="Assets\wangkanai-logo.ico" />
    <File Path="Assets\wangkanai-logo.png" />
    <File Path="Assets\wangkanai-logo-large.png" />
  </Folder>
</Solution>