
Microsoft Visual Studio Solution File, Format Version 12.00
# Visual Studio 15
VisualStudioVersion = 15.0.27130.2027
MinimumVisualStudioVersion = 10.0.40219.1
Project("{2150E333-8FDC-42A3-9474-1A3956D46DE8}") = "Solution Items", "Solution Items", "{5105FE8C-3240-4E1D-A8BC-8068BECDB263}"
	ProjectSection(SolutionItems) = preProject
		README.md = README.md
		.gitignore = .gitignore
		Analytics.sln.licenseheader = Analytics.sln.licenseheader
		appveyor.yml = appveyor.yml
	EndProjectSection
EndProject
Project("{2150E333-8FDC-42A3-9474-1A3956D46DE8}") = "sample", "sample", "{63CF70CF-C922-4FBD-9DAD-10373F279C13}"
EndProject
Project("{FAE04EC0-301F-11D3-BF4B-00C04F79EFBC}") = "Wangkanai.Analytics", "src\Wangkanai.Analytics.csproj", "{74D60EEC-FA5B-40CF-9506-357A7464CE56}"
EndProject
Project("{FAE04EC0-301F-11D3-BF4B-00C04F79EFBC}") = "Wangkanai.Analytics.Tests", "test\Wangkanai.Analytics.Tests.csproj", "{13E9B013-1830-4CDE-B4D9-04B5C2E87872}"
EndProject
Project("{FAE04EC0-301F-11D3-BF4B-00C04F79EFBC}") = "Analytics", "sample\Analytics\Analytics.csproj", "{F6C46460-F412-4B60-A6BB-6DEC61216BDD}"
EndProject
Global
	GlobalSection(SolutionConfigurationPlatforms) = preSolution
		Debug|Any CPU = Debug|Any CPU
		Release|Any CPU = Release|Any CPU
	EndGlobalSection
	GlobalSection(ProjectConfigurationPlatforms) = postSolution
		{74D60EEC-FA5B-40CF-9506-357A7464CE56}.Debug|Any CPU.ActiveCfg = Debug|Any CPU
		{74D60EEC-FA5B-40CF-9506-357A7464CE56}.Debug|Any CPU.Build.0 = Debug|Any CPU
		{74D60EEC-FA5B-40CF-9506-357A7464CE56}.Release|Any CPU.ActiveCfg = Release|Any CPU
		{74D60EEC-FA5B-40CF-9506-357A7464CE56}.Release|Any CPU.Build.0 = Release|Any CPU
		{13E9B013-1830-4CDE-B4D9-04B5C2E87872}.Debug|Any CPU.ActiveCfg = Debug|Any CPU
		{13E9B013-1830-4CDE-B4D9-04B5C2E87872}.Debug|Any CPU.Build.0 = Debug|Any CPU
		{13E9B013-1830-4CDE-B4D9-04B5C2E87872}.Release|Any CPU.ActiveCfg = Release|Any CPU
		{13E9B013-1830-4CDE-B4D9-04B5C2E87872}.Release|Any CPU.Build.0 = Release|Any CPU
		{F6C46460-F412-4B60-A6BB-6DEC61216BDD}.Debug|Any CPU.ActiveCfg = Debug|Any CPU
		{F6C46460-F412-4B60-A6BB-6DEC61216BDD}.Debug|Any CPU.Build.0 = Debug|Any CPU
		{F6C46460-F412-4B60-A6BB-6DEC61216BDD}.Release|Any CPU.ActiveCfg = Release|Any CPU
		{F6C46460-F412-4B60-A6BB-6DEC61216BDD}.Release|Any CPU.Build.0 = Release|Any CPU
	EndGlobalSection
	GlobalSection(SolutionProperties) = preSolution
		HideSolutionNode = FALSE
	EndGlobalSection
	GlobalSection(NestedProjects) = preSolution
		{F6C46460-F412-4B60-A6BB-6DEC61216BDD} = {63CF70CF-C922-4FBD-9DAD-10373F279C13}
	EndGlobalSection
	GlobalSection(ExtensibilityGlobals) = postSolution
		SolutionGuid = {D9EF9F97-B7BA-49FB-8532-47851C700F8A}
	EndGlobalSection
EndGlobal
